{
  "name": "count-hours",
  "version": "1.0.0",
  "lockfileVersion": 1,
  "requires": true,
  "dependencies": {
    "@types/node": {
      "version": "18.11.5",
      "resolved": "https://registry.npmjs.org/@types/node/-/node-18.11.5.tgz",
      "integrity": "sha512-3JRwhbjI+cHLAkUorhf8RnqUbFXajvzX4q6fMn5JwkgtuwfYtRQYI3u4V92vI6NJuTsbBQWWh3RZjFsuevyMGQ==",
      "dev": true
    },
    "g": {
      "version": "2.0.1",
      "resolved": "https://registry.npmjs.org/g/-/g-2.0.1.tgz",
      "integrity": "sha512-Fi6Ng5fZ/ANLQ15H11hCe+09sgUoNvDEBevVgx3KoYOhsH5iLNPn54hx0jPZ+3oSWr+xajnp2Qau9VmPsc7hTA=="
    },
    "typescript": {
      "version": "4.8.4",
      "resolved": "https://registry.npmjs.org/typescript/-/typescript-4.8.4.tgz",
      "integrity": "sha512-QCh+85mCy+h0IGff8r5XWzOVSbBO+KfeYrMQh7NJ58QujwcE22u+NUSmUxqF+un70P9GXKxa2HCNiTTMJknyjQ==",
      "dev": true
    }
  }
}
